
Microsoft Visual Studio Solution File, Format Version 12.00
# Visual Studio Version 17
VisualStudioVersion = 17.5.33414.496
MinimumVisualStudioVersion = 10.0.40219.1
Project("{FAE04EC0-301F-11D3-BF4B-00C04F79EFBC}") = "Quản lý bán hàng", "quản lý bán hàng\Quản lý bán hàng.csproj", "{77A0D318-DE58-4476-BBB5-70CA3D2627DB}"
EndProject
Global
	GlobalSection(SolutionConfigurationPlatforms) = preSolution
		Debug|Any CPU = Debug|Any CPU
		Release|Any CPU = Release|Any CPU
	EndGlobalSection
	GlobalSection(ProjectConfigurationPlatforms) = postSolution
		{77A0D318-DE58-4476-BBB5-70CA3D2627DB}.Debug|Any CPU.ActiveCfg = Debug|Any CPU
		{77A0D318-DE58-4476-BBB5-70CA3D2627DB}.Debug|Any CPU.Build.0 = Debug|Any CPU
		{77A0D318-DE58-4476-BBB5-70CA3D2627DB}.Release|Any CPU.ActiveCfg = Release|Any CPU
		{77A0D318-DE58-4476-BBB5-70CA3D2627DB}.Release|Any CPU.Build.0 = Release|Any CPU
	EndGlobalSection
	GlobalSection(SolutionProperties) = preSolution
		HideSolutionNode = FALSE
	EndGlobalSection
	GlobalSection(ExtensibilityGlobals) = postSolution
		SolutionGuid = {A3E62A40-B832-43CA-B5CB-89209B28FFCA}
	EndGlobalSection
EndGlobal
